
Microsoft Visual Studio Solution File, Format Version 12.00
# Visual Studio Version 16
VisualStudioVersion = 16.0.34407.143
MinimumVisualStudioVersion = 10.0.40219.1
Project("{8BC9CEB8-8B4A-11D0-8D11-00A0C91BC942}") = "FirstTriangle", "FirstTriangle\Window.vcxproj", "{8A3BB89E-E7E6-48B9-9468-49E7369ED598}"
EndProject
Project("{8BC9CEB8-8B4A-11D0-8D11-00A0C91BC942}") = "Shaders", "Shaders\Shaders.vcxproj", "{D802F3CF-1621-4838-9DB2-6543B63A8105}"
EndProject
Project("{8BC9CEB8-8B4A-11D0-8D11-00A0C91BC942}") = "EBO", "EBO\EBO.vcxproj", "{B8EF0948-0C98-46B3-91CD-D527DDC2FA63}"
EndProject
Project("{2150E333-8FDC-42A3-9474-1A3956D46DE8}") = "Exercises", "Exercises", "{9C880C3A-FD0C-4239-A3F0-C8C749136A69}"
EndProject
Project("{8BC9CEB8-8B4A-11D0-8D11-00A0C91BC942}") = "EBO_Exercise_1", "EBO_Exercise_1\EBO_Exercise_1.vcxproj", "{D824783F-AAB6-4755-AB19-23662240A69C}"
EndProject
Project("{8BC9CEB8-8B4A-11D0-8D11-00A0C91BC942}") = "EBO_Exercise_2", "EBO_Exercise_2\EBO_Exercise_2.vcxproj", "{F7AC349A-003A-4A99-ACA5-3DBE7EE5655E}"
EndProject
Project("{8BC9CEB8-8B4A-11D0-8D11-00A0C91BC942}") = "EBO_Exercise_3", "EBO_Exercise_3\EBO_Exercise_3.vcxproj", "{72EAD1D4-9244-43B3-8993-1B798FE48C0E}"
EndProject
Project("{8BC9CEB8-8B4A-11D0-8D11-00A0C91BC942}") = "Triforce", "Triforce\Triforce.vcxproj", "{D4A90AD5-F9A5-4A37-9455-E85E48BE4EDE}"
EndProject
Global
	GlobalSection(SolutionConfigurationPlatforms) = preSolution
		Debug|x64 = Debug|x64
		Debug|x86 = Debug|x86
		Release|x64 = Release|x64
		Release|x86 = Release|x86
	EndGlobalSection
	GlobalSection(ProjectConfigurationPlatforms) = postSolution
		{8A3BB89E-E7E6-48B9-9468-49E7369ED598}.Debug|x64.ActiveCfg = Debug|x64
		{8A3BB89E-E7E6-48B9-9468-49E7369ED598}.Debug|x64.Build.0 = Debug|x64
		{8A3BB89E-E7E6-48B9-9468-49E7369ED598}.Debug|x86.ActiveCfg = Debug|Win32
		{8A3BB89E-E7E6-48B9-9468-49E7369ED598}.Debug|x86.Build.0 = Debug|Win32
		{8A3BB89E-E7E6-48B9-9468-49E7369ED598}.Release|x64.ActiveCfg = Release|x64
		{8A3BB89E-E7E6-48B9-9468-49E7369ED598}.Release|x64.Build.0 = Release|x64
		{8A3BB89E-E7E6-48B9-9468-49E7369ED598}.Release|x86.ActiveCfg = Release|Win32
		{8A3BB89E-E7E6-48B9-9468-49E7369ED598}.Release|x86.Build.0 = Release|Win32
		{D802F3CF-1621-4838-9DB2-6543B63A8105}.Debug|x64.ActiveCfg = Debug|x64
		{D802F3CF-1621-4838-9DB2-6543B63A8105}.Debug|x64.Build.0 = Debug|x64
		{D802F3CF-1621-4838-9DB2-6543B63A8105}.Debug|x86.ActiveCfg = Debug|Win32
		{D802F3CF-1621-4838-9DB2-6543B63A8105}.Debug|x86.Build.0 = Debug|Win32
		{D802F3CF-1621-4838-9DB2-6543B63A8105}.Release|x64.ActiveCfg = Release|x64
		{D802F3CF-1621-4838-9DB2-6543B63A8105}.Release|x64.Build.0 = Release|x64
		{D802F3CF-1621-4838-9DB2-6543B63A8105}.Release|x86.ActiveCfg = Release|Win32
		{D802F3CF-1621-4838-9DB2-6543B63A8105}.Release|x86.Build.0 = Release|Win32
		{B8EF0948-0C98-46B3-91CD-D527DDC2FA63}.Debug|x64.ActiveCfg = Debug|x64
		{B8EF0948-0C98-46B3-91CD-D527DDC2FA63}.Debug|x64.Build.0 = Debug|x64
		{B8EF0948-0C98-46B3-91CD-D527DDC2FA63}.Debug|x86.ActiveCfg = Debug|Win32
		{B8EF0948-0C98-46B3-91CD-D527DDC2FA63}.Debug|x86.Build.0 = Debug|Win32
		{B8EF0948-0C98-46B3-91CD-D527DDC2FA63}.Release|x64.ActiveCfg = Release|x64
		{B8EF0948-0C98-46B3-91CD-D527DDC2FA63}.Release|x64.Build.0 = Release|x64
		{B8EF0948-0C98-46B3-91CD-D527DDC2FA63}.Release|x86.ActiveCfg = Release|Win32
		{B8EF0948-0C98-46B3-91CD-D527DDC2FA63}.Release|x86.Build.0 = Release|Win32
		{D824783F-AAB6-4755-AB19-23662240A69C}.Debug|x64.ActiveCfg = Debug|x64
		{D824783F-AAB6-4755-AB19-23662240A69C}.Debug|x64.Build.0 = Debug|x64
		{D824783F-AAB6-4755-AB19-23662240A69C}.Debug|x86.ActiveCfg = Debug|Win32
		{D824783F-AAB6-4755-AB19-23662240A69C}.Debug|x86.Build.0 = Debug|Win32
		{D824783F-AAB6-4755-AB19-23662240A69C}.Release|x64.ActiveCfg = Release|x64
		{D824783F-AAB6-4755-AB19-23662240A69C}.Release|x64.Build.0 = Release|x64
		{D824783F-AAB6-4755-AB19-23662240A69C}.Release|x86.ActiveCfg = Release|Win32
		{D824783F-AAB6-4755-AB19-23662240A69C}.Release|x86.Build.0 = Release|Win32
		{F7AC349A-003A-4A99-ACA5-3DBE7EE5655E}.Debug|x64.ActiveCfg = Debug|x64
		{F7AC349A-003A-4A99-ACA5-3DBE7EE5655E}.Debug|x64.Build.0 = Debug|x64
		{F7AC349A-003A-4A99-ACA5-3DBE7EE5655E}.Debug|x86.ActiveCfg = Debug|Win32
		{F7AC349A-003A-4A99-ACA5-3DBE7EE5655E}.Debug|x86.Build.0 = Debug|Win32
		{F7AC349A-003A-4A99-ACA5-3DBE7EE5655E}.Release|x64.ActiveCfg = Release|x64
		{F7AC349A-003A-4A99-ACA5-3DBE7EE5655E}.Release|x64.Build.0 = Release|x64
		{F7AC349A-003A-4A99-ACA5-3DBE7EE5655E}.Release|x86.ActiveCfg = Release|Win32
		{F7AC349A-003A-4A99-ACA5-3DBE7EE5655E}.Release|x86.Build.0 = Release|Win32
		{72EAD1D4-9244-43B3-8993-1B798FE48C0E}.Debug|x64.ActiveCfg = Debug|x64
		{72EAD1D4-9244-43B3-8993-1B798FE48C0E}.Debug|x64.Build.0 = Debug|x64
		{72EAD1D4-9244-43B3-8993-1B798FE48C0E}.Debug|x86.ActiveCfg = Debug|Win32
		{72EAD1D4-9244-43B3-8993-1B798FE48C0E}.Debug|x86.Build.0 = Debug|Win32
		{72EAD1D4-9244-43B3-8993-1B798FE48C0E}.Release|x64.ActiveCfg = Release|x64
		{72EAD1D4-9244-43B3-8993-1B798FE48C0E}.Release|x64.Build.0 = Release|x64
		{72EAD1D4-9244-43B3-8993-1B798FE48C0E}.Release|x86.ActiveCfg = Release|Win32
		{72EAD1D4-9244-43B3-8993-1B798FE48C0E}.Release|x86.Build.0 = Release|Win32
		{D4A90AD5-F9A5-4A37-9455-E85E48BE4EDE}.Debug|x64.ActiveCfg = Debug|x64
		{D4A90AD5-F9A5-4A37-9455-E85E48BE4EDE}.Debug|x64.Build.0 = Debug|x64
		{D4A90AD5-F9A5-4A37-9455-E85E48BE4EDE}.Debug|x86.ActiveCfg = Debug|Win32
		{D4A90AD5-F9A5-4A37-9455-E85E48BE4EDE}.Debug|x86.Build.0 = Debug|Win32
		{D4A90AD5-F9A5-4A37-9455-E85E48BE4EDE}.Release|x64.ActiveCfg = Release|x64
		{D4A90AD5-F9A5-4A37-9455-E85E48BE4EDE}.Release|x64.Build.0 = Release|x64
		{D4A90AD5-F9A5-4A37-9455-E85E48BE4EDE}.Release|x86.ActiveCfg = Release|Win32
		{D4A90AD5-F9A5-4A37-9455-E85E48BE4EDE}.Release|x86.Build.0 = Release|Win32
	EndGlobalSection
	GlobalSection(SolutionProperties) = preSolution
		HideSolutionNode = FALSE
	EndGlobalSection
	GlobalSection(NestedProjects) = preSolution
		{D824783F-AAB6-4755-AB19-23662240A69C} = {9C880C3A-FD0C-4239-A3F0-C8C749136A69}
		{F7AC349A-003A-4A99-ACA5-3DBE7EE5655E} = {9C880C3A-FD0C-4239-A3F0-C8C749136A69}
		{72EAD1D4-9244-43B3-8993-1B798FE48C0E} = {9C880C3A-FD0C-4239-A3F0-C8C749136A69}
		{D4A90AD5-F9A5-4A37-9455-E85E48BE4EDE} = {9C880C3A-FD0C-4239-A3F0-C8C749136A69}
	EndGlobalSection
	GlobalSection(ExtensibilityGlobals) = postSolution
		SolutionGuid = {3EBD449C-BA94-4351-8005-E3987F6762B6}
	EndGlobalSection
EndGlobal
